
Microsoft Visual Studio Solution File, Format Version 12.00
Project("{FAE04EC0-301F-11D3-BF4B-00C04F79EFBC}") = "ChatApplication", "ChatApplication\ChatApplication.csproj", "{D5B7A64D-DAEC-4FB9-81E3-174103DC1E89}"
EndProject
Project("{FAE04EC0-301F-11D3-BF4B-00C04F79EFBC}") = "ChatApplication.DAL", "ChatApplication.DAL\ChatApplication.DAL.csproj", "{C28FA5CE-54DE-4418-9977-8C8EB4CA0B1F}"
EndProject
Project("{FAE04EC0-301F-11D3-BF4B-00C04F79EFBC}") = "ChatApplication.BLL", "ChatApplication.BLL\ChatApplication.BLL.csproj", "{2C5ECE16-F6AB-4116-9C9A-4F1B2B1E8F3F}"
EndProject
Project("{FAE04EC0-301F-11D3-BF4B-00C04F79EFBC}") = "ChatApplication.Tests", "ChatApplication.Tests\ChatApplication.Tests.csproj", "{50558E85-0228-47A4-BDFB-C0D2620188F3}"
EndProject
Global
	GlobalSection(SolutionConfigurationPlatforms) = preSolution
		Debug|Any CPU = Debug|Any CPU
		Release|Any CPU = Release|Any CPU
	EndGlobalSection
	GlobalSection(ProjectConfigurationPlatforms) = postSolution
		{D5B7A64D-DAEC-4FB9-81E3-174103DC1E89}.Debug|Any CPU.ActiveCfg = Debug|Any CPU
		{D5B7A64D-DAEC-4FB9-81E3-174103DC1E89}.Debug|Any CPU.Build.0 = Debug|Any CPU
		{D5B7A64D-DAEC-4FB9-81E3-174103DC1E89}.Release|Any CPU.ActiveCfg = Release|Any CPU
		{D5B7A64D-DAEC-4FB9-81E3-174103DC1E89}.Release|Any CPU.Build.0 = Release|Any CPU
		{C28FA5CE-54DE-4418-9977-8C8EB4CA0B1F}.Debug|Any CPU.ActiveCfg = Debug|Any CPU
		{C28FA5CE-54DE-4418-9977-8C8EB4CA0B1F}.Debug|Any CPU.Build.0 = Debug|Any CPU
		{C28FA5CE-54DE-4418-9977-8C8EB4CA0B1F}.Release|Any CPU.ActiveCfg = Release|Any CPU
		{C28FA5CE-54DE-4418-9977-8C8EB4CA0B1F}.Release|Any CPU.Build.0 = Release|Any CPU
		{2C5ECE16-F6AB-4116-9C9A-4F1B2B1E8F3F}.Debug|Any CPU.ActiveCfg = Debug|Any CPU
		{2C5ECE16-F6AB-4116-9C9A-4F1B2B1E8F3F}.Debug|Any CPU.Build.0 = Debug|Any CPU
		{2C5ECE16-F6AB-4116-9C9A-4F1B2B1E8F3F}.Release|Any CPU.ActiveCfg = Release|Any CPU
		{2C5ECE16-F6AB-4116-9C9A-4F1B2B1E8F3F}.Release|Any CPU.Build.0 = Release|Any CPU
		{50558E85-0228-47A4-BDFB-C0D2620188F3}.Debug|Any CPU.ActiveCfg = Debug|Any CPU
		{50558E85-0228-47A4-BDFB-C0D2620188F3}.Debug|Any CPU.Build.0 = Debug|Any CPU
		{50558E85-0228-47A4-BDFB-C0D2620188F3}.Release|Any CPU.ActiveCfg = Release|Any CPU
		{50558E85-0228-47A4-BDFB-C0D2620188F3}.Release|Any CPU.Build.0 = Release|Any CPU
	EndGlobalSection
EndGlobal
